
Microsoft Visual Studio Solution File, Format Version 12.00
# Visual Studio Version 17
VisualStudioVersion = 17.4.33213.308
MinimumVisualStudioVersion = 10.0.40219.1
Project("{9A19103F-16F7-4668-BE54-9A1E7A4F7556}") = "Godrej_Korber_WebAPI", "Godrej_Korber_WebAPI.csproj", "{3185C183-0455-4A6B-BB4C-7BD05413C1D6}"
EndProject
Project("{9A19103F-16F7-4668-BE54-9A1E7A4F7556}") = "Godrej_Korber_DAL", "..\Godrej_Korber_DAL\Godrej_Korber_DAL.csproj", "{3C89D593-41C8-4F8D-8CD3-5B8649023DC6}"
EndProject
Project("{9A19103F-16F7-4668-BE54-9A1E7A4F7556}") = "Godrej_Korber_Shared", "..\Godrej_Korber_Shared\Godrej_Korber_Shared.csproj", "{12C2FAA5-CC70-4FD2-8208-092D492649A4}"
EndProject
Global
	GlobalSection(SolutionConfigurationPlatforms) = preSolution
		Debug|Any CPU = Debug|Any CPU
		Release|Any CPU = Release|Any CPU
	EndGlobalSection
	GlobalSection(ProjectConfigurationPlatforms) = postSolution
		{3185C183-0455-4A6B-BB4C-7BD05413C1D6}.Debug|Any CPU.ActiveCfg = Debug|Any CPU
		{3185C183-0455-4A6B-BB4C-7BD05413C1D6}.Debug|Any CPU.Build.0 = Debug|Any CPU
		{3185C183-0455-4A6B-BB4C-7BD05413C1D6}.Release|Any CPU.ActiveCfg = Release|Any CPU
		{3185C183-0455-4A6B-BB4C-7BD05413C1D6}.Release|Any CPU.Build.0 = Release|Any CPU
		{3C89D593-41C8-4F8D-8CD3-5B8649023DC6}.Debug|Any CPU.ActiveCfg = Debug|Any CPU
		{3C89D593-41C8-4F8D-8CD3-5B8649023DC6}.Debug|Any CPU.Build.0 = Debug|Any CPU
		{3C89D593-41C8-4F8D-8CD3-5B8649023DC6}.Release|Any CPU.ActiveCfg = Release|Any CPU
		{3C89D593-41C8-4F8D-8CD3-5B8649023DC6}.Release|Any CPU.Build.0 = Release|Any CPU
		{12C2FAA5-CC70-4FD2-8208-092D492649A4}.Debug|Any CPU.ActiveCfg = Debug|Any CPU
		{12C2FAA5-CC70-4FD2-8208-092D492649A4}.Debug|Any CPU.Build.0 = Debug|Any CPU
		{12C2FAA5-CC70-4FD2-8208-092D492649A4}.Release|Any CPU.ActiveCfg = Release|Any CPU
		{12C2FAA5-CC70-4FD2-8208-092D492649A4}.Release|Any CPU.Build.0 = Release|Any CPU
	EndGlobalSection
	GlobalSection(SolutionProperties) = preSolution
		HideSolutionNode = FALSE
	EndGlobalSection
	GlobalSection(ExtensibilityGlobals) = postSolution
		SolutionGuid = {793AA0B1-E64B-4290-8B09-0C2356A42837}
	EndGlobalSection
EndGlobal
